
Microsoft Visual Studio Solution File, Format Version 12.00
Project("{FAE04EC0-301F-11D3-BF4B-00C04F79EFBC}") = "task2_35", "task2_35\task2_35.csproj", "{D3DF5F64-EA54-4263-AD2D-354BEE37B677}"
EndProject
Global
	GlobalSection(SolutionConfigurationPlatforms) = preSolution
		Debug|Any CPU = Debug|Any CPU
		Release|Any CPU = Release|Any CPU
	EndGlobalSection
	GlobalSection(ProjectConfigurationPlatforms) = postSolution
		{D3DF5F64-EA54-4263-AD2D-354BEE37B677}.Debug|Any CPU.ActiveCfg = Debug|Any CPU
		{D3DF5F64-EA54-4263-AD2D-354BEE37B677}.Debug|Any CPU.Build.0 = Debug|Any CPU
		{D3DF5F64-EA54-4263-AD2D-354BEE37B677}.Release|Any CPU.ActiveCfg = Release|Any CPU
		{D3DF5F64-EA54-4263-AD2D-354BEE37B677}.Release|Any CPU.Build.0 = Release|Any CPU
	EndGlobalSection
EndGlobal
